
Microsoft Visual Studio Solution File, Format Version 12.00
# Visual Studio Version 18
VisualStudioVersion = 18.6.11819.183 stable
MinimumVisualStudioVersion = 10.0.40219.1
Project("{FAE04EC0-301F-11D3-BF4B-00C04F79EFBC}") = "MafiaBatel", "MafiaBatel\MafiaBatel.csproj", "{AD0694CC-95E4-43DB-9D91-3F949A75C989}"
EndProject
Project("{FAE04EC0-301F-11D3-BF4B-00C04F79EFBC}") = "VAL.MafiaBatel.Domain", "VAL.MafiaBatel.Domain\VAL.MafiaBatel.Domain.csproj", "{47194911-2427-46A5-9377-AAB3B6072FFA}"
EndProject
Project("{2150E333-8FDC-42A3-9474-1A3956D46DE8}") = "Old", "Old", "{A599D465-9FFE-4329-B957-A150FD80828F}"
EndProject
Global
	GlobalSection(SolutionConfigurationPlatforms) = preSolution
		Debug|Any CPU = Debug|Any CPU
		Release|Any CPU = Release|Any CPU
	EndGlobalSection
	GlobalSection(ProjectConfigurationPlatforms) = postSolution
		{AD0694CC-95E4-43DB-9D91-3F949A75C989}.Debug|Any CPU.ActiveCfg = Debug|Any CPU
		{AD0694CC-95E4-43DB-9D91-3F949A75C989}.Debug|Any CPU.Build.0 = Debug|Any CPU
		{AD0694CC-95E4-43DB-9D91-3F949A75C989}.Release|Any CPU.ActiveCfg = Release|Any CPU
		{AD0694CC-95E4-43DB-9D91-3F949A75C989}.Release|Any CPU.Build.0 = Release|Any CPU
		{47194911-2427-46A5-9377-AAB3B6072FFA}.Debug|Any CPU.ActiveCfg = Debug|Any CPU
		{47194911-2427-46A5-9377-AAB3B6072FFA}.Debug|Any CPU.Build.0 = Debug|Any CPU
		{47194911-2427-46A5-9377-AAB3B6072FFA}.Release|Any CPU.ActiveCfg = Release|Any CPU
		{47194911-2427-46A5-9377-AAB3B6072FFA}.Release|Any CPU.Build.0 = Release|Any CPU
	EndGlobalSection
	GlobalSection(SolutionProperties) = preSolution
		HideSolutionNode = FALSE
	EndGlobalSection
	GlobalSection(NestedProjects) = preSolution
		{AD0694CC-95E4-43DB-9D91-3F949A75C989} = {A599D465-9FFE-4329-B957-A150FD80828F}
	EndGlobalSection
	GlobalSection(ExtensibilityGlobals) = postSolution
		SolutionGuid = {DFD0E844-C8B1-4DD5-BA5B-9934350474C3}
	EndGlobalSection
EndGlobal
